
Microsoft Visual Studio Solution File, Format Version 12.00
# Visual Studio Version 16
VisualStudioVersion = 16.0.31402.337
MinimumVisualStudioVersion = 10.0.40219.1
Project("{FAE04EC0-301F-11D3-BF4B-00C04F79EFBC}") = "StaticClasses", "StaticClasses\StaticClasses.csproj", "{2939CA45-15DE-4069-8971-381DD32B96A4}"
EndProject
Global
	GlobalSection(SolutionConfigurationPlatforms) = preSolution
		Debug|Any CPU = Debug|Any CPU
		Release|Any CPU = Release|Any CPU
	EndGlobalSection
	GlobalSection(ProjectConfigurationPlatforms) = postSolution
		{2939CA45-15DE-4069-8971-381DD32B96A4}.Debug|Any CPU.ActiveCfg = Debug|Any CPU
		{2939CA45-15DE-4069-8971-381DD32B96A4}.Debug|Any CPU.Build.0 = Debug|Any CPU
		{2939CA45-15DE-4069-8971-381DD32B96A4}.Release|Any CPU.ActiveCfg = Release|Any CPU
		{2939CA45-15DE-4069-8971-381DD32B96A4}.Release|Any CPU.Build.0 = Release|Any CPU
	EndGlobalSection
	GlobalSection(SolutionProperties) = preSolution
		HideSolutionNode = FALSE
	EndGlobalSection
	GlobalSection(ExtensibilityGlobals) = postSolution
		SolutionGuid = {57B7C172-C49B-4BAD-A00E-4D14BB459C88}
	EndGlobalSection
EndGlobal
