
Microsoft Visual Studio Solution File, Format Version 12.00
# Visual Studio Version 16
VisualStudioVersion = 16.0.31402.337
MinimumVisualStudioVersion = 10.0.40219.1
Project("{FAE04EC0-301F-11D3-BF4B-00C04F79EFBC}") = "WhileLoops", "WhileLoops\WhileLoops.csproj", "{CBA4A1F9-7EB3-4F8D-B4DB-324EEAA204CE}"
EndProject
Global
	GlobalSection(SolutionConfigurationPlatforms) = preSolution
		Debug|Any CPU = Debug|Any CPU
		Release|Any CPU = Release|Any CPU
	EndGlobalSection
	GlobalSection(ProjectConfigurationPlatforms) = postSolution
		{CBA4A1F9-7EB3-4F8D-B4DB-324EEAA204CE}.Debug|Any CPU.ActiveCfg = Debug|Any CPU
		{CBA4A1F9-7EB3-4F8D-B4DB-324EEAA204CE}.Debug|Any CPU.Build.0 = Debug|Any CPU
		{CBA4A1F9-7EB3-4F8D-B4DB-324EEAA204CE}.Release|Any CPU.ActiveCfg = Release|Any CPU
		{CBA4A1F9-7EB3-4F8D-B4DB-324EEAA204CE}.Release|Any CPU.Build.0 = Release|Any CPU
	EndGlobalSection
	GlobalSection(SolutionProperties) = preSolution
		HideSolutionNode = FALSE
	EndGlobalSection
	GlobalSection(ExtensibilityGlobals) = postSolution
		SolutionGuid = {28554DA4-F0FE-4DA0-9418-55ED8C46C57B}
	EndGlobalSection
EndGlobal
