
Microsoft Visual Studio Solution File, Format Version 12.00
# Visual Studio Version 16
VisualStudioVersion = 16.0.31402.337
MinimumVisualStudioVersion = 10.0.40219.1
Project("{FAE04EC0-301F-11D3-BF4B-00C04F79EFBC}") = "Methods", "Methods\Methods.csproj", "{DF582EEE-F1E0-42AA-B914-3BA051125853}"
EndProject
Global
	GlobalSection(SolutionConfigurationPlatforms) = preSolution
		Debug|Any CPU = Debug|Any CPU
		Release|Any CPU = Release|Any CPU
	EndGlobalSection
	GlobalSection(ProjectConfigurationPlatforms) = postSolution
		{DF582EEE-F1E0-42AA-B914-3BA051125853}.Debug|Any CPU.ActiveCfg = Debug|Any CPU
		{DF582EEE-F1E0-42AA-B914-3BA051125853}.Debug|Any CPU.Build.0 = Debug|Any CPU
		{DF582EEE-F1E0-42AA-B914-3BA051125853}.Release|Any CPU.ActiveCfg = Release|Any CPU
		{DF582EEE-F1E0-42AA-B914-3BA051125853}.Release|Any CPU.Build.0 = Release|Any CPU
	EndGlobalSection
	GlobalSection(SolutionProperties) = preSolution
		HideSolutionNode = FALSE
	EndGlobalSection
	GlobalSection(ExtensibilityGlobals) = postSolution
		SolutionGuid = {664912CD-6E19-4CE3-B597-57B97B223E53}
	EndGlobalSection
EndGlobal
