
Microsoft Visual Studio Solution File, Format Version 12.00
# Visual Studio Version 16
VisualStudioVersion = 16.0.31402.337
MinimumVisualStudioVersion = 10.0.40219.1
Project("{FAE04EC0-301F-11D3-BF4B-00C04F79EFBC}") = "StaticMethods", "StaticMethods\StaticMethods.csproj", "{90DB6CCC-55C2-408B-AFAB-F4AB72CC2413}"
EndProject
Global
	GlobalSection(SolutionConfigurationPlatforms) = preSolution
		Debug|Any CPU = Debug|Any CPU
		Release|Any CPU = Release|Any CPU
	EndGlobalSection
	GlobalSection(ProjectConfigurationPlatforms) = postSolution
		{90DB6CCC-55C2-408B-AFAB-F4AB72CC2413}.Debug|Any CPU.ActiveCfg = Debug|Any CPU
		{90DB6CCC-55C2-408B-AFAB-F4AB72CC2413}.Debug|Any CPU.Build.0 = Debug|Any CPU
		{90DB6CCC-55C2-408B-AFAB-F4AB72CC2413}.Release|Any CPU.ActiveCfg = Release|Any CPU
		{90DB6CCC-55C2-408B-AFAB-F4AB72CC2413}.Release|Any CPU.Build.0 = Release|Any CPU
	EndGlobalSection
	GlobalSection(SolutionProperties) = preSolution
		HideSolutionNode = FALSE
	EndGlobalSection
	GlobalSection(ExtensibilityGlobals) = postSolution
		SolutionGuid = {65F294A3-42F2-41C5-B3E2-6CD7640CEC2E}
	EndGlobalSection
EndGlobal
