
Microsoft Visual Studio Solution File, Format Version 12.00
# Visual Studio Version 16
VisualStudioVersion = 16.0.31402.337
MinimumVisualStudioVersion = 10.0.40219.1
Project("{FAE04EC0-301F-11D3-BF4B-00C04F79EFBC}") = "MoreIfStatements", "MoreIfStatements\MoreIfStatements.csproj", "{9530BB10-B7E7-4855-A630-0901B2A96E46}"
EndProject
Global
	GlobalSection(SolutionConfigurationPlatforms) = preSolution
		Debug|Any CPU = Debug|Any CPU
		Release|Any CPU = Release|Any CPU
	EndGlobalSection
	GlobalSection(ProjectConfigurationPlatforms) = postSolution
		{9530BB10-B7E7-4855-A630-0901B2A96E46}.Debug|Any CPU.ActiveCfg = Debug|Any CPU
		{9530BB10-B7E7-4855-A630-0901B2A96E46}.Debug|Any CPU.Build.0 = Debug|Any CPU
		{9530BB10-B7E7-4855-A630-0901B2A96E46}.Release|Any CPU.ActiveCfg = Release|Any CPU
		{9530BB10-B7E7-4855-A630-0901B2A96E46}.Release|Any CPU.Build.0 = Release|Any CPU
	EndGlobalSection
	GlobalSection(SolutionProperties) = preSolution
		HideSolutionNode = FALSE
	EndGlobalSection
	GlobalSection(ExtensibilityGlobals) = postSolution
		SolutionGuid = {4A9C4757-922F-405D-96FF-0BBFEB265944}
	EndGlobalSection
EndGlobal
